
Microsoft Visual Studio Solution File, Format Version 12.00
# Visual Studio Version 17
VisualStudioVersion = 17.12.35707.178 d17.12
MinimumVisualStudioVersion = 10.0.40219.1
Project("{2150E333-8FDC-42A3-9474-1A3956D46DE8}") = "Task0", "Task0", "{F3C79511-424C-40DC-9314-463BF797DFE6}"
EndProject
Project("{2150E333-8FDC-42A3-9474-1A3956D46DE8}") = "Task1", "Task1", "{D3F53683-CB82-4E2B-9E46-BB69E41D2EAF}"
EndProject
Project("{2150E333-8FDC-42A3-9474-1A3956D46DE8}") = "Task2", "Task2", "{C7BB747C-B533-44DB-92C4-2E2006871FC5}"
EndProject
Project("{2150E333-8FDC-42A3-9474-1A3956D46DE8}") = "Task3", "Task3", "{D68E372D-9D20-4069-8991-552B171B328C}"
EndProject
Project("{2150E333-8FDC-42A3-9474-1A3956D46DE8}") = "Task4", "Task4", "{55465AA0-F7F9-4A0F-80FC-50E94DF241C5}"
EndProject
Project("{2150E333-8FDC-42A3-9474-1A3956D46DE8}") = "Task5", "Task5", "{7D130A61-73ED-447B-B6D3-A72DCFE15C0E}"
EndProject
Project("{2150E333-8FDC-42A3-9474-1A3956D46DE8}") = "Task6", "Task6", "{AFA906D2-215A-46CB-9F7A-6BD26EE42E05}"
EndProject
Project("{2150E333-8FDC-42A3-9474-1A3956D46DE8}") = "Task7", "Task7", "{4846D9BE-43AE-4412-8679-E9F9DF14D88A}"
EndProject
Project("{FAE04EC0-301F-11D3-BF4B-00C04F79EFBC}") = "Tyuiu.GalimovAA.Sprint2.Task0.V13", "Tyuiu.GalimovAA.Sprint2.Task0.V13\Tyuiu.GalimovAA.Sprint2.Task0.V13.csproj", "{A4015608-C7D8-4E57-A78C-64D19FB26514}"
EndProject
Project("{FAE04EC0-301F-11D3-BF4B-00C04F79EFBC}") = "Tyuiu.GalimovAA.Sprint2.Task0.V13.Lib", "Tyuiu.GalimovAA.Sprint2.Task0.V13.Lib\Tyuiu.GalimovAA.Sprint2.Task0.V13.Lib.csproj", "{77E66898-8E0D-461F-9DE6-D7C05D38B49C}"
EndProject
Project("{FAE04EC0-301F-11D3-BF4B-00C04F79EFBC}") = "Tyuiu.GalimovAA.Sprint2.Task0.V13.Test", "Tyuiu.GalimovAA.Sprint2.Task0.V13.Test\Tyuiu.GalimovAA.Sprint2.Task0.V13.Test.csproj", "{8F48BFEE-02C1-4BE1-A5EA-CE4D7C1BA994}"
EndProject
Project("{FAE04EC0-301F-11D3-BF4B-00C04F79EFBC}") = "Tyuiu.GalimovAA.Sprint2.Task1.V28", "Tyuiu.GalimovAA.Sprint2.Task1.V28\Tyuiu.GalimovAA.Sprint2.Task1.V28.csproj", "{B1613B3E-B27F-43D3-9EE9-D29E9B6B688C}"
EndProject
Project("{FAE04EC0-301F-11D3-BF4B-00C04F79EFBC}") = "Tyuiu.GalimovAA.Sprint2.Task1.V28.Lib", "Tyuiu.GalimovAA.Sprint2.Task1.V28.Lib\Tyuiu.GalimovAA.Sprint2.Task1.V28.Lib.csproj", "{4C1B3ED4-C789-48A8-8618-7B5ABF974606}"
EndProject
Project("{FAE04EC0-301F-11D3-BF4B-00C04F79EFBC}") = "Tyuiu.GalimovAA.Sprint2.Task1.V28.Test", "Tyuiu.GalimovAA.Sprint2.Task1.V28.Test\Tyuiu.GalimovAA.Sprint2.Task1.V28.Test.csproj", "{91C945D7-73E1-4520-ADFD-4535C6D8B3B4}"
EndProject
Project("{FAE04EC0-301F-11D3-BF4B-00C04F79EFBC}") = "Tyuiu.GalimovAA.Sprint2.Task2.V26", "Tyuiu.GalimovAA.Sprint2.Task2.V26\Tyuiu.GalimovAA.Sprint2.Task2.V26.csproj", "{8DA6435B-85AF-4DB3-8E95-427D56F6822D}"
EndProject
Project("{FAE04EC0-301F-11D3-BF4B-00C04F79EFBC}") = "Tyuiu.GalimovAA.Sprint2.Task2.V26.Lib", "Tyuiu.GalimovAA.Sprint2.Task2.V26.Lib\Tyuiu.GalimovAA.Sprint2.Task2.V26.Lib.csproj", "{4A29A253-2B65-4697-9597-EE1BEA66AF72}"
EndProject
Project("{FAE04EC0-301F-11D3-BF4B-00C04F79EFBC}") = "Tyuiu.GalimovAA.Sprint2.Task2.V26.Test", "Tyuiu.GalimovAA.Sprint2.Task2.V26.Test\Tyuiu.GalimovAA.Sprint2.Task2.V26.Test.csproj", "{0854D665-07D9-4EA5-A531-985552D80085}"
EndProject
Project("{FAE04EC0-301F-11D3-BF4B-00C04F79EFBC}") = "Tyuiu.GalimovAA.Sprint2.Task3.V20", "Tyuiu.GalimovAA.Sprint2.Task3.V20\Tyuiu.GalimovAA.Sprint2.Task3.V20.csproj", "{CE5A1C16-FB8F-4878-8EF3-6DBACF5E2CD9}"
EndProject
Project("{FAE04EC0-301F-11D3-BF4B-00C04F79EFBC}") = "Tyuiu.GalimovAA.Sprint2.Task3.V20.Lib", "Tyuiu.GalimovAA.Sprint2.Task3.V20.Lib\Tyuiu.GalimovAA.Sprint2.Task3.V20.Lib.csproj", "{3A5EA617-34A7-45EE-B2BA-A0A2E5E738E3}"
EndProject
Project("{FAE04EC0-301F-11D3-BF4B-00C04F79EFBC}") = "Tyuiu.GalimovAA.Sprint2.Task3.V20.Test", "Tyuiu.GalimovAA.Sprint2.Task3.V20.Test\Tyuiu.GalimovAA.Sprint2.Task3.V20.Test.csproj", "{8F91B5C6-C053-4B6A-9F7F-4325F2F92825}"
EndProject
Project("{FAE04EC0-301F-11D3-BF4B-00C04F79EFBC}") = "Tyuiu.GalimovAA.Sprint2.Task4.V7", "Tyuiu.GalimovAA.Sprint2.Task4.V7\Tyuiu.GalimovAA.Sprint2.Task4.V7.csproj", "{719A6C55-26FA-4848-8199-563C7B23138E}"
EndProject
Project("{FAE04EC0-301F-11D3-BF4B-00C04F79EFBC}") = "Tyuiu.GalimovAA.Sprint2.Task4.V7.Lib", "Tyuiu.GalimovAA.Sprint2.Task4.V7.Lib\Tyuiu.GalimovAA.Sprint2.Task4.V7.Lib.csproj", "{58D41F5F-2B66-4635-A6A0-86210125F6CD}"
EndProject
Project("{FAE04EC0-301F-11D3-BF4B-00C04F79EFBC}") = "Tyuiu.GalimovAA.Sprint2.Task4.V7.Test", "Tyuiu.GalimovAA.Sprint2.Task4.V7.Test\Tyuiu.GalimovAA.Sprint2.Task4.V7.Test.csproj", "{E7D9EA9E-4610-4139-9836-EBFD967ADE26}"
EndProject
Project("{FAE04EC0-301F-11D3-BF4B-00C04F79EFBC}") = "Tyuiu.GalimovAA.Sprint2.Task5.V12", "Tyuiu.GalimovAA.Sprint2.Task5.V12\Tyuiu.GalimovAA.Sprint2.Task5.V12.csproj", "{38FD1E66-DE62-48C2-9DE4-CD509C4056BA}"
EndProject
Project("{FAE04EC0-301F-11D3-BF4B-00C04F79EFBC}") = "Tyuiu.GalimovAA.Sprint2.Task5.V12.Lib", "Tyuiu.GalimovAA.Sprint2.Task5.V12.Lib\Tyuiu.GalimovAA.Sprint2.Task5.V12.Lib.csproj", "{8649BA1A-1A3B-4966-8493-AB4982431BEE}"
EndProject
Project("{FAE04EC0-301F-11D3-BF4B-00C04F79EFBC}") = "Tyuiu.GalimovAA.Sprint2.Task5.V12.Test", "Tyuiu.GalimovAA.Sprint2.Task5.V12.Test\Tyuiu.GalimovAA.Sprint2.Task5.V12.Test.csproj", "{0C1C6682-443A-4C57-9D85-92AA4CB4390B}"
EndProject
Project("{FAE04EC0-301F-11D3-BF4B-00C04F79EFBC}") = "Tyuiu.GalimovAA.Sprint2.Task6.V4", "Tyuiu.GalimovAA.Sprint2.Task6.V4\Tyuiu.GalimovAA.Sprint2.Task6.V4.csproj", "{56DA4431-15A1-46DD-86CE-06AACF94CCBA}"
EndProject
Project("{FAE04EC0-301F-11D3-BF4B-00C04F79EFBC}") = "Tyuiu.GalimovAA.Sprint2.Task6.V4.Lib", "Tyuiu.GalimovAA.Sprint2.Task6.V4.Lib\Tyuiu.GalimovAA.Sprint2.Task6.V4.Lib.csproj", "{7C9F4ED5-A1F4-4EF6-A7E3-D71D5CDDBDC5}"
EndProject
Project("{FAE04EC0-301F-11D3-BF4B-00C04F79EFBC}") = "Tyuiu.GalimovAA.Sprint2.Task6.V4.Test", "Tyuiu.GalimovAA.Sprint2.Task6.V4.Test\Tyuiu.GalimovAA.Sprint2.Task6.V4.Test.csproj", "{BCDED9AE-7DE4-48F9-B161-E212B7F0703B}"
EndProject
Project("{FAE04EC0-301F-11D3-BF4B-00C04F79EFBC}") = "Tyuiu.GalimovAA.Sprint2.Task7.V10", "Tyuiu.GalimovAA.Sprint2.Task7.V10\Tyuiu.GalimovAA.Sprint2.Task7.V10.csproj", "{B1D5AD5C-F072-4C43-BA79-5875579EA4D7}"
EndProject
Project("{FAE04EC0-301F-11D3-BF4B-00C04F79EFBC}") = "Tyuiu.GalimovAA.Sprint2.Task7.V10.Lib", "Tyuiu.GalimovAA.Sprint2.Task7.V10.Lib\Tyuiu.GalimovAA.Sprint2.Task7.V10.Lib.csproj", "{C46E53FA-8143-43FC-A8FE-02E7774C989D}"
EndProject
Project("{FAE04EC0-301F-11D3-BF4B-00C04F79EFBC}") = "Tyuiu.GalimovAA.Sprint2.Task7.V10.Test", "Tyuiu.GalimovAA.Sprint2.Task7.V10.Test\Tyuiu.GalimovAA.Sprint2.Task7.V10.Test.csproj", "{D7B965E1-2FF8-4C77-954E-CF1277C91F12}"
EndProject
Global
	GlobalSection(SolutionConfigurationPlatforms) = preSolution
		Debug|Any CPU = Debug|Any CPU
		Release|Any CPU = Release|Any CPU
	EndGlobalSection
	GlobalSection(ProjectConfigurationPlatforms) = postSolution
		{A4015608-C7D8-4E57-A78C-64D19FB26514}.Debug|Any CPU.ActiveCfg = Debug|Any CPU
		{A4015608-C7D8-4E57-A78C-64D19FB26514}.Debug|Any CPU.Build.0 = Debug|Any CPU
		{A4015608-C7D8-4E57-A78C-64D19FB26514}.Release|Any CPU.ActiveCfg = Release|Any CPU
		{A4015608-C7D8-4E57-A78C-64D19FB26514}.Release|Any CPU.Build.0 = Release|Any CPU
		{77E66898-8E0D-461F-9DE6-D7C05D38B49C}.Debug|Any CPU.ActiveCfg = Debug|Any CPU
		{77E66898-8E0D-461F-9DE6-D7C05D38B49C}.Debug|Any CPU.Build.0 = Debug|Any CPU
		{77E66898-8E0D-461F-9DE6-D7C05D38B49C}.Release|Any CPU.ActiveCfg = Release|Any CPU
		{77E66898-8E0D-461F-9DE6-D7C05D38B49C}.Release|Any CPU.Build.0 = Release|Any CPU
		{8F48BFEE-02C1-4BE1-A5EA-CE4D7C1BA994}.Debug|Any CPU.ActiveCfg = Debug|Any CPU
		{8F48BFEE-02C1-4BE1-A5EA-CE4D7C1BA994}.Debug|Any CPU.Build.0 = Debug|Any CPU
		{8F48BFEE-02C1-4BE1-A5EA-CE4D7C1BA994}.Release|Any CPU.ActiveCfg = Release|Any CPU
		{8F48BFEE-02C1-4BE1-A5EA-CE4D7C1BA994}.Release|Any CPU.Build.0 = Release|Any CPU
		{B1613B3E-B27F-43D3-9EE9-D29E9B6B688C}.Debug|Any CPU.ActiveCfg = Debug|Any CPU
		{B1613B3E-B27F-43D3-9EE9-D29E9B6B688C}.Debug|Any CPU.Build.0 = Debug|Any CPU
		{B1613B3E-B27F-43D3-9EE9-D29E9B6B688C}.Release|Any CPU.ActiveCfg = Release|Any CPU
		{B1613B3E-B27F-43D3-9EE9-D29E9B6B688C}.Release|Any CPU.Build.0 = Release|Any CPU
		{4C1B3ED4-C789-48A8-8618-7B5ABF974606}.Debug|Any CPU.ActiveCfg = Debug|Any CPU
		{4C1B3ED4-C789-48A8-8618-7B5ABF974606}.Debug|Any CPU.Build.0 = Debug|Any CPU
		{4C1B3ED4-C789-48A8-8618-7B5ABF974606}.Release|Any CPU.ActiveCfg = Release|Any CPU
		{4C1B3ED4-C789-48A8-8618-7B5ABF974606}.Release|Any CPU.Build.0 = Release|Any CPU
		{91C945D7-73E1-4520-ADFD-4535C6D8B3B4}.Debug|Any CPU.ActiveCfg = Debug|Any CPU
		{91C945D7-73E1-4520-ADFD-4535C6D8B3B4}.Debug|Any CPU.Build.0 = Debug|Any CPU
		{91C945D7-73E1-4520-ADFD-4535C6D8B3B4}.Release|Any CPU.ActiveCfg = Release|Any CPU
		{91C945D7-73E1-4520-ADFD-4535C6D8B3B4}.Release|Any CPU.Build.0 = Release|Any CPU
		{8DA6435B-85AF-4DB3-8E95-427D56F6822D}.Debug|Any CPU.ActiveCfg = Debug|Any CPU
		{8DA6435B-85AF-4DB3-8E95-427D56F6822D}.Debug|Any CPU.Build.0 = Debug|Any CPU
		{8DA6435B-85AF-4DB3-8E95-427D56F6822D}.Release|Any CPU.ActiveCfg = Release|Any CPU
		{8DA6435B-85AF-4DB3-8E95-427D56F6822D}.Release|Any CPU.Build.0 = Release|Any CPU
		{4A29A253-2B65-4697-9597-EE1BEA66AF72}.Debug|Any CPU.ActiveCfg = Debug|Any CPU
		{4A29A253-2B65-4697-9597-EE1BEA66AF72}.Debug|Any CPU.Build.0 = Debug|Any CPU
		{4A29A253-2B65-4697-9597-EE1BEA66AF72}.Release|Any CPU.ActiveCfg = Release|Any CPU
		{4A29A253-2B65-4697-9597-EE1BEA66AF72}.Release|Any CPU.Build.0 = Release|Any CPU
		{0854D665-07D9-4EA5-A531-985552D80085}.Debug|Any CPU.ActiveCfg = Debug|Any CPU
		{0854D665-07D9-4EA5-A531-985552D80085}.Debug|Any CPU.Build.0 = Debug|Any CPU
		{0854D665-07D9-4EA5-A531-985552D80085}.Release|Any CPU.ActiveCfg = Release|Any CPU
		{0854D665-07D9-4EA5-A531-985552D80085}.Release|Any CPU.Build.0 = Release|Any CPU
		{CE5A1C16-FB8F-4878-8EF3-6DBACF5E2CD9}.Debug|Any CPU.ActiveCfg = Debug|Any CPU
		{CE5A1C16-FB8F-4878-8EF3-6DBACF5E2CD9}.Debug|Any CPU.Build.0 = Debug|Any CPU
		{CE5A1C16-FB8F-4878-8EF3-6DBACF5E2CD9}.Release|Any CPU.ActiveCfg = Release|Any CPU
		{CE5A1C16-FB8F-4878-8EF3-6DBACF5E2CD9}.Release|Any CPU.Build.0 = Release|Any CPU
		{3A5EA617-34A7-45EE-B2BA-A0A2E5E738E3}.Debug|Any CPU.ActiveCfg = Debug|Any CPU
		{3A5EA617-34A7-45EE-B2BA-A0A2E5E738E3}.Debug|Any CPU.Build.0 = Debug|Any CPU
		{3A5EA617-34A7-45EE-B2BA-A0A2E5E738E3}.Release|Any CPU.ActiveCfg = Release|Any CPU
		{3A5EA617-34A7-45EE-B2BA-A0A2E5E738E3}.Release|Any CPU.Build.0 = Release|Any CPU
		{8F91B5C6-C053-4B6A-9F7F-4325F2F92825}.Debug|Any CPU.ActiveCfg = Debug|Any CPU
		{8F91B5C6-C053-4B6A-9F7F-4325F2F92825}.Debug|Any CPU.Build.0 = Debug|Any CPU
		{8F91B5C6-C053-4B6A-9F7F-4325F2F92825}.Release|Any CPU.ActiveCfg = Release|Any CPU
		{8F91B5C6-C053-4B6A-9F7F-4325F2F92825}.Release|Any CPU.Build.0 = Release|Any CPU
		{719A6C55-26FA-4848-8199-563C7B23138E}.Debug|Any CPU.ActiveCfg = Debug|Any CPU
		{719A6C55-26FA-4848-8199-563C7B23138E}.Debug|Any CPU.Build.0 = Debug|Any CPU
		{719A6C55-26FA-4848-8199-563C7B23138E}.Release|Any CPU.ActiveCfg = Release|Any CPU
		{719A6C55-26FA-4848-8199-563C7B23138E}.Release|Any CPU.Build.0 = Release|Any CPU
		{58D41F5F-2B66-4635-A6A0-86210125F6CD}.Debug|Any CPU.ActiveCfg = Debug|Any CPU
		{58D41F5F-2B66-4635-A6A0-86210125F6CD}.Debug|Any CPU.Build.0 = Debug|Any CPU
		{58D41F5F-2B66-4635-A6A0-86210125F6CD}.Release|Any CPU.ActiveCfg = Release|Any CPU
		{58D41F5F-2B66-4635-A6A0-86210125F6CD}.Release|Any CPU.Build.0 = Release|Any CPU
		{E7D9EA9E-4610-4139-9836-EBFD967ADE26}.Debug|Any CPU.ActiveCfg = Debug|Any CPU
		{E7D9EA9E-4610-4139-9836-EBFD967ADE26}.Debug|Any CPU.Build.0 = Debug|Any CPU
		{E7D9EA9E-4610-4139-9836-EBFD967ADE26}.Release|Any CPU.ActiveCfg = Release|Any CPU
		{E7D9EA9E-4610-4139-9836-EBFD967ADE26}.Release|Any CPU.Build.0 = Release|Any CPU
		{38FD1E66-DE62-48C2-9DE4-CD509C4056BA}.Debug|Any CPU.ActiveCfg = Debug|Any CPU
		{38FD1E66-DE62-48C2-9DE4-CD509C4056BA}.Debug|Any CPU.Build.0 = Debug|Any CPU
		{38FD1E66-DE62-48C2-9DE4-CD509C4056BA}.Release|Any CPU.ActiveCfg = Release|Any CPU
		{38FD1E66-DE62-48C2-9DE4-CD509C4056BA}.Release|Any CPU.Build.0 = Release|Any CPU
		{8649BA1A-1A3B-4966-8493-AB4982431BEE}.Debug|Any CPU.ActiveCfg = Debug|Any CPU
		{8649BA1A-1A3B-4966-8493-AB4982431BEE}.Debug|Any CPU.Build.0 = Debug|Any CPU
		{8649BA1A-1A3B-4966-8493-AB4982431BEE}.Release|Any CPU.ActiveCfg = Release|Any CPU
		{8649BA1A-1A3B-4966-8493-AB4982431BEE}.Release|Any CPU.Build.0 = Release|Any CPU
		{0C1C6682-443A-4C57-9D85-92AA4CB4390B}.Debug|Any CPU.ActiveCfg = Debug|Any CPU
		{0C1C6682-443A-4C57-9D85-92AA4CB4390B}.Debug|Any CPU.Build.0 = Debug|Any CPU
		{0C1C6682-443A-4C57-9D85-92AA4CB4390B}.Release|Any CPU.ActiveCfg = Release|Any CPU
		{0C1C6682-443A-4C57-9D85-92AA4CB4390B}.Release|Any CPU.Build.0 = Release|Any CPU
		{56DA4431-15A1-46DD-86CE-06AACF94CCBA}.Debug|Any CPU.ActiveCfg = Debug|Any CPU
		{56DA4431-15A1-46DD-86CE-06AACF94CCBA}.Debug|Any CPU.Build.0 = Debug|Any CPU
		{56DA4431-15A1-46DD-86CE-06AACF94CCBA}.Release|Any CPU.ActiveCfg = Release|Any CPU
		{56DA4431-15A1-46DD-86CE-06AACF94CCBA}.Release|Any CPU.Build.0 = Release|Any CPU
		{7C9F4ED5-A1F4-4EF6-A7E3-D71D5CDDBDC5}.Debug|Any CPU.ActiveCfg = Debug|Any CPU
		{7C9F4ED5-A1F4-4EF6-A7E3-D71D5CDDBDC5}.Debug|Any CPU.Build.0 = Debug|Any CPU
		{7C9F4ED5-A1F4-4EF6-A7E3-D71D5CDDBDC5}.Release|Any CPU.ActiveCfg = Release|Any CPU
		{7C9F4ED5-A1F4-4EF6-A7E3-D71D5CDDBDC5}.Release|Any CPU.Build.0 = Release|Any CPU
		{BCDED9AE-7DE4-48F9-B161-E212B7F0703B}.Debug|Any CPU.ActiveCfg = Debug|Any CPU
		{BCDED9AE-7DE4-48F9-B161-E212B7F0703B}.Debug|Any CPU.Build.0 = Debug|Any CPU
		{BCDED9AE-7DE4-48F9-B161-E212B7F0703B}.Release|Any CPU.ActiveCfg = Release|Any CPU
		{BCDED9AE-7DE4-48F9-B161-E212B7F0703B}.Release|Any CPU.Build.0 = Release|Any CPU
		{B1D5AD5C-F072-4C43-BA79-5875579EA4D7}.Debug|Any CPU.ActiveCfg = Debug|Any CPU
		{B1D5AD5C-F072-4C43-BA79-5875579EA4D7}.Debug|Any CPU.Build.0 = Debug|Any CPU
		{B1D5AD5C-F072-4C43-BA79-5875579EA4D7}.Release|Any CPU.ActiveCfg = Release|Any CPU
		{B1D5AD5C-F072-4C43-BA79-5875579EA4D7}.Release|Any CPU.Build.0 = Release|Any CPU
		{C46E53FA-8143-43FC-A8FE-02E7774C989D}.Debug|Any CPU.ActiveCfg = Debug|Any CPU
		{C46E53FA-8143-43FC-A8FE-02E7774C989D}.Debug|Any CPU.Build.0 = Debug|Any CPU
		{C46E53FA-8143-43FC-A8FE-02E7774C989D}.Release|Any CPU.ActiveCfg = Release|Any CPU
		{C46E53FA-8143-43FC-A8FE-02E7774C989D}.Release|Any CPU.Build.0 = Release|Any CPU
		{D7B965E1-2FF8-4C77-954E-CF1277C91F12}.Debug|Any CPU.ActiveCfg = Debug|Any CPU
		{D7B965E1-2FF8-4C77-954E-CF1277C91F12}.Debug|Any CPU.Build.0 = Debug|Any CPU
		{D7B965E1-2FF8-4C77-954E-CF1277C91F12}.Release|Any CPU.ActiveCfg = Release|Any CPU
		{D7B965E1-2FF8-4C77-954E-CF1277C91F12}.Release|Any CPU.Build.0 = Release|Any CPU
	EndGlobalSection
	GlobalSection(SolutionProperties) = preSolution
		HideSolutionNode = FALSE
	EndGlobalSection
	GlobalSection(NestedProjects) = preSolution
		{A4015608-C7D8-4E57-A78C-64D19FB26514} = {F3C79511-424C-40DC-9314-463BF797DFE6}
		{77E66898-8E0D-461F-9DE6-D7C05D38B49C} = {F3C79511-424C-40DC-9314-463BF797DFE6}
		{8F48BFEE-02C1-4BE1-A5EA-CE4D7C1BA994} = {F3C79511-424C-40DC-9314-463BF797DFE6}
		{B1613B3E-B27F-43D3-9EE9-D29E9B6B688C} = {D3F53683-CB82-4E2B-9E46-BB69E41D2EAF}
		{4C1B3ED4-C789-48A8-8618-7B5ABF974606} = {D3F53683-CB82-4E2B-9E46-BB69E41D2EAF}
		{91C945D7-73E1-4520-ADFD-4535C6D8B3B4} = {D3F53683-CB82-4E2B-9E46-BB69E41D2EAF}
		{8DA6435B-85AF-4DB3-8E95-427D56F6822D} = {C7BB747C-B533-44DB-92C4-2E2006871FC5}
		{4A29A253-2B65-4697-9597-EE1BEA66AF72} = {C7BB747C-B533-44DB-92C4-2E2006871FC5}
		{0854D665-07D9-4EA5-A531-985552D80085} = {C7BB747C-B533-44DB-92C4-2E2006871FC5}
		{CE5A1C16-FB8F-4878-8EF3-6DBACF5E2CD9} = {D68E372D-9D20-4069-8991-552B171B328C}
		{3A5EA617-34A7-45EE-B2BA-A0A2E5E738E3} = {D68E372D-9D20-4069-8991-552B171B328C}
		{8F91B5C6-C053-4B6A-9F7F-4325F2F92825} = {D68E372D-9D20-4069-8991-552B171B328C}
		{719A6C55-26FA-4848-8199-563C7B23138E} = {55465AA0-F7F9-4A0F-80FC-50E94DF241C5}
		{58D41F5F-2B66-4635-A6A0-86210125F6CD} = {55465AA0-F7F9-4A0F-80FC-50E94DF241C5}
		{E7D9EA9E-4610-4139-9836-EBFD967ADE26} = {55465AA0-F7F9-4A0F-80FC-50E94DF241C5}
		{38FD1E66-DE62-48C2-9DE4-CD509C4056BA} = {7D130A61-73ED-447B-B6D3-A72DCFE15C0E}
		{8649BA1A-1A3B-4966-8493-AB4982431BEE} = {7D130A61-73ED-447B-B6D3-A72DCFE15C0E}
		{0C1C6682-443A-4C57-9D85-92AA4CB4390B} = {7D130A61-73ED-447B-B6D3-A72DCFE15C0E}
		{56DA4431-15A1-46DD-86CE-06AACF94CCBA} = {AFA906D2-215A-46CB-9F7A-6BD26EE42E05}
		{7C9F4ED5-A1F4-4EF6-A7E3-D71D5CDDBDC5} = {AFA906D2-215A-46CB-9F7A-6BD26EE42E05}
		{BCDED9AE-7DE4-48F9-B161-E212B7F0703B} = {AFA906D2-215A-46CB-9F7A-6BD26EE42E05}
		{B1D5AD5C-F072-4C43-BA79-5875579EA4D7} = {4846D9BE-43AE-4412-8679-E9F9DF14D88A}
		{C46E53FA-8143-43FC-A8FE-02E7774C989D} = {4846D9BE-43AE-4412-8679-E9F9DF14D88A}
		{D7B965E1-2FF8-4C77-954E-CF1277C91F12} = {4846D9BE-43AE-4412-8679-E9F9DF14D88A}
	EndGlobalSection
EndGlobal
